// !$*UTF8*$!
{
	archiveVersion = 1;
	classes = {
	};
	objectVersion = 46;
	objects = {

/* Begin PBXBuildFile section */
		869721CF890EF72F17B6A699 /* libPods.a in Frameworks */ = {isa = PBXBuildFile; fileRef = 04CB89F5C0747680FB16308D /* libPods.a */; };
		D01E88091BA1708900DE9BE1 /* Colors.swift in Sources */ = {isa = PBXBuildFile; fileRef = D01E88081BA1708900DE9BE1 /* Colors.swift */; };
		D01E880B1BA17FCD00DE9BE1 /* Globle.swift in Sources */ = {isa = PBXBuildFile; fileRef = D01E880A1BA17FCD00DE9BE1 /* Globle.swift */; };
		D01E880D1BA1927300DE9BE1 /* THMainView.swift in Sources */ = {isa = PBXBuildFile; fileRef = D01E880C1BA1927300DE9BE1 /* THMainView.swift */; };
		D01E880F1BA2704000DE9BE1 /* THLoaddingPage.swift in Sources */ = {isa = PBXBuildFile; fileRef = D01E880E1BA2704000DE9BE1 /* THLoaddingPage.swift */; };
		D01E88151BA271B300DE9BE1 /* ArcLayer.swift in Sources */ = {isa = PBXBuildFile; fileRef = D01E88111BA271B300DE9BE1 /* ArcLayer.swift */; };
		D01E88161BA271B300DE9BE1 /* OvalLayer.swift in Sources */ = {isa = PBXBuildFile; fileRef = D01E88121BA271B300DE9BE1 /* OvalLayer.swift */; };
		D01E88171BA271B300DE9BE1 /* RectangleLayer.swift in Sources */ = {isa = PBXBuildFile; fileRef = D01E88131BA271B300DE9BE1 /* RectangleLayer.swift */; };
		D01E88181BA271B300DE9BE1 /* TriangleLayer.swift in Sources */ = {isa = PBXBuildFile; fileRef = D01E88141BA271B300DE9BE1 /* TriangleLayer.swift */; };
		D01E881A1BA6785900DE9BE1 /* THTestVC.swift in Sources */ = {isa = PBXBuildFile; fileRef = D01E88191BA6785900DE9BE1 /* THTestVC.swift */; };
		D0219D311BA116FE0007F00E /* THMode.swift in Sources */ = {isa = PBXBuildFile; fileRef = D0219D301BA116FE0007F00E /* THMode.swift */; };
		D0219D341BA11D1F0007F00E /* THData.swift in Sources */ = {isa = PBXBuildFile; fileRef = D0219D331BA11D1F0007F00E /* THData.swift */; };
		D0219D371BA12B410007F00E /* THCell.swift in Sources */ = {isa = PBXBuildFile; fileRef = D0219D361BA12B410007F00E /* THCell.swift */; };
		D0219D3C1BA1560E0007F00E /* THWebView.swift in Sources */ = {isa = PBXBuildFile; fileRef = D0219D3B1BA1560E0007F00E /* THWebView.swift */; };
		D0219D411BA156930007F00E /* GetViewCtrlFromStoryboard.m in Sources */ = {isa = PBXBuildFile; fileRef = D0219D3E1BA156930007F00E /* GetViewCtrlFromStoryboard.m */; };
		D0219D421BA156930007F00E /* PushViewController+UINavigationController.m in Sources */ = {isa = PBXBuildFile; fileRef = D0219D401BA156930007F00E /* PushViewController+UINavigationController.m */; };
		D04011531BFB0FD200656161 /* THDictionaryVC.swift in Sources */ = {isa = PBXBuildFile; fileRef = D04011521BFB0FD200656161 /* THDictionaryVC.swift */; };
		D04011551BFB127F00656161 /* THDictionaryDetailVC.swift in Sources */ = {isa = PBXBuildFile; fileRef = D04011541BFB127F00656161 /* THDictionaryDetailVC.swift */; };
		D04011581BFB1C6500656161 /* THDictionaryData.m in Sources */ = {isa = PBXBuildFile; fileRef = D04011571BFB1C6500656161 /* THDictionaryData.m */; };
		D0BD74871BAFEC7500017D36 /* NetWorkManager.swift in Sources */ = {isa = PBXBuildFile; fileRef = D0BD74861BAFEC7500017D36 /* NetWorkManager.swift */; };
		D0FD1E161BABE9A800A94B73 /* CollectionViewController.swift in Sources */ = {isa = PBXBuildFile; fileRef = D0FD1E151BABE9A800A94B73 /* CollectionViewController.swift */; };
		D0FD1E181BABECDC00A94B73 /* THCollectionViewCell.swift in Sources */ = {isa = PBXBuildFile; fileRef = D0FD1E171BABECDC00A94B73 /* THCollectionViewCell.swift */; };
		D0FD1E1A1BABF14800A94B73 /* THCollectionViewLayout.swift in Sources */ = {isa = PBXBuildFile; fileRef = D0FD1E191BABF14800A94B73 /* THCollectionViewLayout.swift */; };
		D0FF63371BA020F600A00BAB /* AppDelegate.swift in Sources */ = {isa = PBXBuildFile; fileRef = D0FF63361BA020F600A00BAB /* AppDelegate.swift */; };
		D0FF633C1BA020F600A00BAB /* Main.storyboard in Resources */ = {isa = PBXBuildFile; fileRef = D0FF633A1BA020F600A00BAB /* Main.storyboard */; };
		D0FF633E1BA020F600A00BAB /* Images.xcassets in Resources */ = {isa = PBXBuildFile; fileRef = D0FF633D1BA020F600A00BAB /* Images.xcassets */; };
		D0FF63411BA020F600A00BAB /* LaunchScreen.xib in Resources */ = {isa = PBXBuildFile; fileRef = D0FF633F1BA020F600A00BAB /* LaunchScreen.xib */; };
/* End PBXBuildFile section */

/* Begin PBXFileReference section */
		04CB89F5C0747680FB16308D /* libPods.a */ = {isa = PBXFileReference; explicitFileType = archive.ar; includeInIndex = 0; path = libPods.a; sourceTree = BUILT_PRODUCTS_DIR; };
		36D4AFF0CB6692B9B6D3CF26 /* Pods.debug.xcconfig */ = {isa = PBXFileReference; includeInIndex = 1; lastKnownFileType = text.xcconfig; name = Pods.debug.xcconfig; path = "Pods/Target Support Files/Pods/Pods.debug.xcconfig"; sourceTree = "<group>"; };
		D01E88081BA1708900DE9BE1 /* Colors.swift */ = {isa = PBXFileReference; fileEncoding = 4; lastKnownFileType = sourcecode.swift; path = Colors.swift; sourceTree = "<group>"; };
		D01E880A1BA17FCD00DE9BE1 /* Globle.swift */ = {isa = PBXFileReference; fileEncoding = 4; lastKnownFileType = sourcecode.swift; path = Globle.swift; sourceTree = "<group>"; };
		D01E880C1BA1927300DE9BE1 /* THMainView.swift */ = {isa = PBXFileReference; fileEncoding = 4; lastKnownFileType = sourcecode.swift; path = THMainView.swift; sourceTree = "<group>"; };
		D01E880E1BA2704000DE9BE1 /* THLoaddingPage.swift */ = {isa = PBXFileReference; fileEncoding = 4; lastKnownFileType = sourcecode.swift; path = THLoaddingPage.swift; sourceTree = "<group>"; };
		D01E88111BA271B300DE9BE1 /* ArcLayer.swift */ = {isa = PBXFileReference; fileEncoding = 4; lastKnownFileType = sourcecode.swift; path = ArcLayer.swift; sourceTree = "<group>"; };
		D01E88121BA271B300DE9BE1 /* OvalLayer.swift */ = {isa = PBXFileReference; fileEncoding = 4; lastKnownFileType = sourcecode.swift; path = OvalLayer.swift; sourceTree = "<group>"; };
		D01E88131BA271B300DE9BE1 /* RectangleLayer.swift */ = {isa = PBXFileReference; fileEncoding = 4; lastKnownFileType = sourcecode.swift; path = RectangleLayer.swift; sourceTree = "<group>"; };
		D01E88141BA271B300DE9BE1 /* TriangleLayer.swift */ = {isa = PBXFileReference; fileEncoding = 4; lastKnownFileType = sourcecode.swift; path = TriangleLayer.swift; sourceTree = "<group>"; };
		D01E88191BA6785900DE9BE1 /* THTestVC.swift */ = {isa = PBXFileReference; fileEncoding = 4; lastKnownFileType = sourcecode.swift; path = THTestVC.swift; sourceTree = "<group>"; };
		D0219D301BA116FE0007F00E /* THMode.swift */ = {isa = PBXFileReference; fileEncoding = 4; lastKnownFileType = sourcecode.swift; path = THMode.swift; sourceTree = "<group>"; };
		D0219D331BA11D1F0007F00E /* THData.swift */ = {isa = PBXFileReference; fileEncoding = 4; lastKnownFileType = sourcecode.swift; path = THData.swift; sourceTree = "<group>"; };
		D0219D361BA12B410007F00E /* THCell.swift */ = {isa = PBXFileReference; fileEncoding = 4; lastKnownFileType = sourcecode.swift; path = THCell.swift; sourceTree = "<group>"; };
		D0219D3B1BA1560E0007F00E /* THWebView.swift */ = {isa = PBXFileReference; fileEncoding = 4; lastKnownFileType = sourcecode.swift; path = THWebView.swift; sourceTree = "<group>"; };
		D0219D3D1BA156930007F00E /* GetViewCtrlFromStoryboard.h */ = {isa = PBXFileReference; fileEncoding = 4; lastKnownFileType = sourcecode.c.h; path = GetViewCtrlFromStoryboard.h; sourceTree = "<group>"; };
		D0219D3E1BA156930007F00E /* GetViewCtrlFromStoryboard.m */ = {isa = PBXFileReference; fileEncoding = 4; lastKnownFileType = sourcecode.c.objc; path = GetViewCtrlFromStoryboard.m; sourceTree = "<group>"; };
		D0219D3F1BA156930007F00E /* PushViewController+UINavigationController.h */ = {isa = PBXFileReference; fileEncoding = 4; lastKnownFileType = sourcecode.c.h; path = "PushViewController+UINavigationController.h"; sourceTree = "<group>"; };
		D0219D401BA156930007F00E /* PushViewController+UINavigationController.m */ = {isa = PBXFileReference; fileEncoding = 4; lastKnownFileType = sourcecode.c.objc; path = "PushViewController+UINavigationController.m"; sourceTree = "<group>"; };
		D04011521BFB0FD200656161 /* THDictionaryVC.swift */ = {isa = PBXFileReference; fileEncoding = 4; lastKnownFileType = sourcecode.swift; path = THDictionaryVC.swift; sourceTree = "<group>"; };
		D04011541BFB127F00656161 /* THDictionaryDetailVC.swift */ = {isa = PBXFileReference; fileEncoding = 4; lastKnownFileType = sourcecode.swift; path = THDictionaryDetailVC.swift; sourceTree = "<group>"; };
		D04011561BFB1C6500656161 /* THDictionaryData.h */ = {isa = PBXFileReference; fileEncoding = 4; lastKnownFileType = sourcecode.c.h; path = THDictionaryData.h; sourceTree = "<group>"; };
		D04011571BFB1C6500656161 /* THDictionaryData.m */ = {isa = PBXFileReference; fileEncoding = 4; lastKnownFileType = sourcecode.c.objc; path = THDictionaryData.m; sourceTree = "<group>"; };
		D0BD74861BAFEC7500017D36 /* NetWorkManager.swift */ = {isa = PBXFileReference; fileEncoding = 4; lastKnownFileType = sourcecode.swift; path = NetWorkManager.swift; sourceTree = "<group>"; };
		D0FD1E151BABE9A800A94B73 /* CollectionViewController.swift */ = {isa = PBXFileReference; fileEncoding = 4; lastKnownFileType = sourcecode.swift; path = CollectionViewController.swift; sourceTree = "<group>"; };
		D0FD1E171BABECDC00A94B73 /* THCollectionViewCell.swift */ = {isa = PBXFileReference; fileEncoding = 4; lastKnownFileType = sourcecode.swift; path = THCollectionViewCell.swift; sourceTree = "<group>"; };
		D0FD1E191BABF14800A94B73 /* THCollectionViewLayout.swift */ = {isa = PBXFileReference; fileEncoding = 4; lastKnownFileType = sourcecode.swift; path = THCollectionViewLayout.swift; sourceTree = "<group>"; };
		D0FF63311BA020F600A00BAB /* TodayHistory.app */ = {isa = PBXFileReference; explicitFileType = wrapper.application; includeInIndex = 0; path = TodayHistory.app; sourceTree = BUILT_PRODUCTS_DIR; };
		D0FF63351BA020F600A00BAB /* Info.plist */ = {isa = PBXFileReference; lastKnownFileType = text.plist.xml; path = Info.plist; sourceTree = "<group>"; };
		D0FF63361BA020F600A00BAB /* AppDelegate.swift */ = {isa = PBXFileReference; lastKnownFileType = sourcecode.swift; path = AppDelegate.swift; sourceTree = "<group>"; };
		D0FF633B1BA020F600A00BAB /* Base */ = {isa = PBXFileReference; lastKnownFileType = file.storyboard; name = Base; path = Base.lproj/Main.storyboard; sourceTree = "<group>"; };
		D0FF633D1BA020F600A00BAB /* Images.xcassets */ = {isa = PBXFileReference; lastKnownFileType = folder.assetcatalog; path = Images.xcassets; sourceTree = "<group>"; };
		D0FF63401BA020F600A00BAB /* Base */ = {isa = PBXFileReference; lastKnownFileType = file.xib; name = Base; path = Base.lproj/LaunchScreen.xib; sourceTree = "<group>"; };
		D0FF635A1BA027F000A00BAB /* TodayHistory-Bridging-Header.h */ = {isa = PBXFileReference; lastKnownFileType = sourcecode.c.h; path = "TodayHistory-Bridging-Header.h"; sourceTree = "<group>"; };
		DF36065530964A90584C2393 /* Pods.release.xcconfig */ = {isa = PBXFileReference; includeInIndex = 1; lastKnownFileType = text.xcconfig; name = Pods.release.xcconfig; path = "Pods/Target Support Files/Pods/Pods.release.xcconfig"; sourceTree = "<group>"; };
/* End PBXFileReference section */

/* Begin PBXFrameworksBuildPhase section */
		D0FF632E1BA020F600A00BAB /* Frameworks */ = {
			isa = PBXFrameworksBuildPhase;
			buildActionMask = 2147483647;
			files = (
				869721CF890EF72F17B6A699 /* libPods.a in Frameworks */,
			);
			runOnlyForDeploymentPostprocessing = 0;
		};
/* End PBXFrameworksBuildPhase section */

/* Begin PBXGroup section */
		89D85FB4E8F4720C464C5DED /* Frameworks */ = {
			isa = PBXGroup;
			children = (
				04CB89F5C0747680FB16308D /* libPods.a */,
			);
			name = Frameworks;
			sourceTree = "<group>";
		};
		A87AE29D66561ABD0B927EFA /* Pods */ = {
			isa = PBXGroup;
			children = (
				36D4AFF0CB6692B9B6D3CF26 /* Pods.debug.xcconfig */,
				DF36065530964A90584C2393 /* Pods.release.xcconfig */,
			);
			name = Pods;
			sourceTree = "<group>";
		};
		D01E88101BA271B300DE9BE1 /* layers */ = {
			isa = PBXGroup;
			children = (
				D01E88111BA271B300DE9BE1 /* ArcLayer.swift */,
				D01E88121BA271B300DE9BE1 /* OvalLayer.swift */,
				D01E88131BA271B300DE9BE1 /* RectangleLayer.swift */,
				D01E88141BA271B300DE9BE1 /* TriangleLayer.swift */,
			);
			path = layers;
			sourceTree = "<group>";
		};
		D0219D2F1BA116DD0007F00E /* mode */ = {
			isa = PBXGroup;
			children = (
				D0219D301BA116FE0007F00E /* THMode.swift */,
			);
			path = mode;
			sourceTree = "<group>";
		};
		D0219D321BA11CFA0007F00E /* data */ = {
			isa = PBXGroup;
			children = (
				D0219D331BA11D1F0007F00E /* THData.swift */,
				D04011561BFB1C6500656161 /* THDictionaryData.h */,
				D04011571BFB1C6500656161 /* THDictionaryData.m */,
			);
			path = data;
			sourceTree = "<group>";
		};
		D0219D351BA12B0B0007F00E /* view */ = {
			isa = PBXGroup;
			children = (
				D01E88101BA271B300DE9BE1 /* layers */,
				D0219D361BA12B410007F00E /* THCell.swift */,
				D01E880E1BA2704000DE9BE1 /* THLoaddingPage.swift */,
				D0FD1E171BABECDC00A94B73 /* THCollectionViewCell.swift */,
				D0FD1E191BABF14800A94B73 /* THCollectionViewLayout.swift */,
			);
			path = view;
			sourceTree = "<group>";
		};
		D0219D3A1BA155F70007F00E /* ctrl */ = {
			isa = PBXGroup;
			children = (
				D01E880C1BA1927300DE9BE1 /* THMainView.swift */,
				D0219D3B1BA1560E0007F00E /* THWebView.swift */,
				D01E88191BA6785900DE9BE1 /* THTestVC.swift */,
				D0FD1E151BABE9A800A94B73 /* CollectionViewController.swift */,
				D04011521BFB0FD200656161 /* THDictionaryVC.swift */,
				D04011541BFB127F00656161 /* THDictionaryDetailVC.swift */,
			);
			path = ctrl;
			sourceTree = "<group>";
		};
		D0FF63281BA020F600A00BAB = {
			isa = PBXGroup;
			children = (
				D0FF63331BA020F600A00BAB /* TodayHistory */,
				D0FF63321BA020F600A00BAB /* Products */,
				A87AE29D66561ABD0B927EFA /* Pods */,
				89D85FB4E8F4720C464C5DED /* Frameworks */,
			);
			sourceTree = "<group>";
		};
		D0FF63321BA020F600A00BAB /* Products */ = {
			isa = PBXGroup;
			children = (
				D0FF63311BA020F600A00BAB /* TodayHistory.app */,
			);
			name = Products;
			sourceTree = "<group>";
		};
		D0FF63331BA020F600A00BAB /* TodayHistory */ = {
			isa = PBXGroup;
			children = (
				D0219D3A1BA155F70007F00E /* ctrl */,
				D0219D321BA11CFA0007F00E /* data */,
				D0219D2F1BA116DD0007F00E /* mode */,
				D0219D351BA12B0B0007F00E /* view */,
				D0FF63571BA025DE00A00BAB /* Tool */,
				D0FF63361BA020F600A00BAB /* AppDelegate.swift */,
				D0FF633A1BA020F600A00BAB /* Main.storyboard */,
				D0FF633D1BA020F600A00BAB /* Images.xcassets */,
				D0FF633F1BA020F600A00BAB /* LaunchScreen.xib */,
				D0FF63341BA020F600A00BAB /* Supporting Files */,
			);
			path = TodayHistory;
			sourceTree = "<group>";
		};
		D0FF63341BA020F600A00BAB /* Supporting Files */ = {
			isa = PBXGroup;
			children = (
				D0FF63351BA020F600A00BAB /* Info.plist */,
			);
			name = "Supporting Files";
			sourceTree = "<group>";
		};
		D0FF63571BA025DE00A00BAB /* Tool */ = {
			isa = PBXGroup;
			children = (
				D0219D3D1BA156930007F00E /* GetViewCtrlFromStoryboard.h */,
				D0219D3E1BA156930007F00E /* GetViewCtrlFromStoryboard.m */,
				D0219D3F1BA156930007F00E /* PushViewController+UINavigationController.h */,
				D0219D401BA156930007F00E /* PushViewController+UINavigationController.m */,
				D0FF635A1BA027F000A00BAB /* TodayHistory-Bridging-Header.h */,
				D0BD74861BAFEC7500017D36 /* NetWorkManager.swift */,
				D01E88081BA1708900DE9BE1 /* Colors.swift */,
				D01E880A1BA17FCD00DE9BE1 /* Globle.swift */,
			);
			path = Tool;
			sourceTree = "<group>";
		};
/* End PBXGroup section */

/* Begin PBXNativeTarget section */
		D0FF63301BA020F600A00BAB /* TodayHistory */ = {
			isa = PBXNativeTarget;
			buildConfigurationList = D0FF63501BA020F600A00BAB /* Build configuration list for PBXNativeTarget "TodayHistory" */;
			buildPhases = (
				5E0874691BB77596FD686BF4 /* Check Pods Manifest.lock */,
				D0FF632D1BA020F600A00BAB /* Sources */,
				D0FF632E1BA020F600A00BAB /* Frameworks */,
				D0FF632F1BA020F600A00BAB /* Resources */,
				974EEF98D5EDF235F0F9596A /* Copy Pods Resources */,
			);
			buildRules = (
			);
			dependencies = (
			);
			name = TodayHistory;
			productName = TodayHistory;
			productReference = D0FF63311BA020F600A00BAB /* TodayHistory.app */;
			productType = "com.apple.product-type.application";
		};
/* End PBXNativeTarget section */

/* Begin PBXProject section */
		D0FF63291BA020F600A00BAB /* Project object */ = {
			isa = PBXProject;
			attributes = {
				LastSwiftMigration = 0700;
				LastSwiftUpdateCheck = 0700;
				LastUpgradeCheck = 0700;
				ORGANIZATIONNAME = "谭伟";
				TargetAttributes = {
					D0FF63301BA020F600A00BAB = {
						CreatedOnToolsVersion = 6.4;
					};
				};
			};
			buildConfigurationList = D0FF632C1BA020F600A00BAB /* Build configuration list for PBXProject "TodayHistory" */;
			compatibilityVersion = "Xcode 3.2";
			developmentRegion = English;
			hasScannedForEncodings = 0;
			knownRegions = (
				en,
				Base,
			);
			mainGroup = D0FF63281BA020F600A00BAB;
			productRefGroup = D0FF63321BA020F600A00BAB /* Products */;
			projectDirPath = "";
			projectRoot = "";
			targets = (
				D0FF63301BA020F600A00BAB /* TodayHistory */,
			);
		};
/* End PBXProject section */

/* Begin PBXResourcesBuildPhase section */
		D0FF632F1BA020F600A00BAB /* Resources */ = {
			isa = PBXResourcesBuildPhase;
			buildActionMask = 2147483647;
			files = (
				D0FF633C1BA020F600A00BAB /* Main.storyboard in Resources */,
				D0FF63411BA020F600A00BAB /* LaunchScreen.xib in Resources */,
				D0FF633E1BA020F600A00BAB /* Images.xcassets in Resources */,
			);
			runOnlyForDeploymentPostprocessing = 0;
		};
/* End PBXResourcesBuildPhase section */

/* Begin PBXShellScriptBuildPhase section */
		5E0874691BB77596FD686BF4 /* Check Pods Manifest.lock */ = {
			isa = PBXShellScriptBuildPhase;
			buildActionMask = 2147483647;
			files = (
			);
			inputPaths = (
			);
			name = "Check Pods Manifest.lock";
			outputPaths = (
			);
			runOnlyForDeploymentPostprocessing = 0;
			shellPath = /bin/sh;
			shellScript = "diff \"${PODS_ROOT}/../Podfile.lock\" \"${PODS_ROOT}/Manifest.lock\" > /dev/null\nif [[ $? != 0 ]] ; then\n    cat << EOM\nerror: The sandbox is not in sync with the Podfile.lock. Run 'pod install' or update your CocoaPods installation.\nEOM\n    exit 1\nfi\n";
			showEnvVarsInLog = 0;
		};
		974EEF98D5EDF235F0F9596A /* Copy Pods Resources */ = {
			isa = PBXShellScriptBuildPhase;
			buildActionMask = 2147483647;
			files = (
			);
			inputPaths = (
			);
			name = "Copy Pods Resources";
			outputPaths = (
			);
			runOnlyForDeploymentPostprocessing = 0;
			shellPath = /bin/sh;
			shellScript = "\"${SRCROOT}/Pods/Target Support Files/Pods/Pods-resources.sh\"\n";
			showEnvVarsInLog = 0;
		};
/* End PBXShellScriptBuildPhase section */

/* Begin PBXSourcesBuildPhase section */
		D0FF632D1BA020F600A00BAB /* Sources */ = {
			isa = PBXSourcesBuildPhase;
			buildActionMask = 2147483647;
			files = (
				D0BD74871BAFEC7500017D36 /* NetWorkManager.swift in Sources */,
				D0219D311BA116FE0007F00E /* THMode.swift in Sources */,
				D01E88171BA271B300DE9BE1 /* RectangleLayer.swift in Sources */,
				D01E88091BA1708900DE9BE1 /* Colors.swift in Sources */,
				D01E880B1BA17FCD00DE9BE1 /* Globle.swift in Sources */,
				D01E881A1BA6785900DE9BE1 /* THTestVC.swift in Sources */,
				D01E88151BA271B300DE9BE1 /* ArcLayer.swift in Sources */,
				D04011551BFB127F00656161 /* THDictionaryDetailVC.swift in Sources */,
				D01E88161BA271B300DE9BE1 /* OvalLayer.swift in Sources */,
				D0FD1E181BABECDC00A94B73 /* THCollectionViewCell.swift in Sources */,
				D0219D421BA156930007F00E /* PushViewController+UINavigationController.m in Sources */,
				D01E880F1BA2704000DE9BE1 /* THLoaddingPage.swift in Sources */,
				D0219D411BA156930007F00E /* GetViewCtrlFromStoryboard.m in Sources */,
				D0FD1E161BABE9A800A94B73 /* CollectionViewController.swift in Sources */,
				D01E880D1BA1927300DE9BE1 /* THMainView.swift in Sources */,
				D0219D341BA11D1F0007F00E /* THData.swift in Sources */,
				D04011531BFB0FD200656161 /* THDictionaryVC.swift in Sources */,
				D0219D371BA12B410007F00E /* THCell.swift in Sources */,
				D0FF63371BA020F600A00BAB /* AppDelegate.swift in Sources */,
				D0219D3C1BA1560E0007F00E /* THWebView.swift in Sources */,
				D0FD1E1A1BABF14800A94B73 /* THCollectionViewLayout.swift in Sources */,
				D04011581BFB1C6500656161 /* THDictionaryData.m in Sources */,
				D01E88181BA271B300DE9BE1 /* TriangleLayer.swift in Sources */,
			);
			runOnlyForDeploymentPostprocessing = 0;
		};
/* End PBXSourcesBuildPhase section */

/* Begin PBXVariantGroup section */
		D0FF633A1BA020F600A00BAB /* Main.storyboard */ = {
			isa = PBXVariantGroup;
			children = (
				D0FF633B1BA020F600A00BAB /* Base */,
			);
			name = Main.storyboard;
			sourceTree = "<group>";
		};
		D0FF633F1BA020F600A00BAB /* LaunchScreen.xib */ = {
			isa = PBXVariantGroup;
			children = (
				D0FF63401BA020F600A00BAB /* Base */,
			);
			name = LaunchScreen.xib;
			sourceTree = "<group>";
		};
/* End PBXVariantGroup section */

/* Begin XCBuildConfiguration section */
		D0FF634E1BA020F600A00BAB /* Debug */ = {
			isa = XCBuildConfiguration;
			buildSettings = {
				ALWAYS_SEARCH_USER_PATHS = NO;
				CLANG_CXX_LANGUAGE_STANDARD = "gnu++0x";
				CLANG_CXX_LIBRARY = "libc++";
				CLANG_ENABLE_MODULES = YES;
				CLANG_ENABLE_OBJC_ARC = YES;
				CLANG_WARN_BOOL_CONVERSION = YES;
				CLANG_WARN_CONSTANT_CONVERSION = YES;
				CLANG_WARN_DIRECT_OBJC_ISA_USAGE = YES_ERROR;
				CLANG_WARN_EMPTY_BODY = YES;
				CLANG_WARN_ENUM_CONVERSION = YES;
				CLANG_WARN_INT_CONVERSION = YES;
				CLANG_WARN_OBJC_ROOT_CLASS = YES_ERROR;
				CLANG_WARN_UNREACHABLE_CODE = YES;
				CLANG_WARN__DUPLICATE_METHOD_MATCH = YES;
				"CODE_SIGN_IDENTITY[sdk=iphoneos*]" = "iPhone Developer";
				COPY_PHASE_STRIP = NO;
				DEBUG_INFORMATION_FORMAT = "dwarf-with-dsym";
				ENABLE_STRICT_OBJC_MSGSEND = YES;
				ENABLE_TESTABILITY = YES;
				GCC_C_LANGUAGE_STANDARD = gnu99;
				GCC_DYNAMIC_NO_PIC = NO;
				GCC_NO_COMMON_BLOCKS = YES;
				GCC_OPTIMIZATION_LEVEL = 0;
				GCC_PREPROCESSOR_DEFINITIONS = (
					"DEBUG=1",
					"$(inherited)",
				);
				GCC_SYMBOLS_PRIVATE_EXTERN = NO;
				GCC_WARN_64_TO_32_BIT_CONVERSION = YES;
				GCC_WARN_ABOUT_RETURN_TYPE = YES_ERROR;
				GCC_WARN_UNDECLARED_SELECTOR = YES;
				GCC_WARN_UNINITIALIZED_AUTOS = YES_AGGRESSIVE;
				GCC_WARN_UNUSED_FUNCTION = YES;
				GCC_WARN_UNUSED_VARIABLE = YES;
				IPHONEOS_DEPLOYMENT_TARGET = 8.4;
				MTL_ENABLE_DEBUG_INFO = YES;
				ONLY_ACTIVE_ARCH = YES;
				SDKROOT = iphoneos;
				SWIFT_OPTIMIZATION_LEVEL = "-Onone";
			};
			name = Debug;
		};
		D0FF634F1BA020F600A00BAB /* Release */ = {
			isa = XCBuildConfiguration;
			buildSettings = {
				ALWAYS_SEARCH_USER_PATHS = NO;
				CLANG_CXX_LANGUAGE_STANDARD = "gnu++0x";
				CLANG_CXX_LIBRARY = "libc++";
				CLANG_ENABLE_MODULES = YES;
				CLANG_ENABLE_OBJC_ARC = YES;
				CLANG_WARN_BOOL_CONVERSION = YES;
				CLANG_WARN_CONSTANT_CONVERSION = YES;
				CLANG_WARN_DIRECT_OBJC_ISA_USAGE = YES_ERROR;
				CLANG_WARN_EMPTY_BODY = YES;
				CLANG_WARN_ENUM_CONVERSION = YES;
				CLANG_WARN_INT_CONVERSION = YES;
				CLANG_WARN_OBJC_ROOT_CLASS = YES_ERROR;
				CLANG_WARN_UNREACHABLE_CODE = YES;
				CLANG_WARN__DUPLICATE_METHOD_MATCH = YES;
				"CODE_SIGN_IDENTITY[sdk=iphoneos*]" = "iPhone Developer";
				COPY_PHASE_STRIP = NO;
				DEBUG_INFORMATION_FORMAT = "dwarf-with-dsym";
				ENABLE_NS_ASSERTIONS = NO;
				ENABLE_STRICT_OBJC_MSGSEND = YES;
				GCC_C_LANGUAGE_STANDARD = gnu99;
				GCC_NO_COMMON_BLOCKS = YES;
				GCC_WARN_64_TO_32_BIT_CONVERSION = YES;
				GCC_WARN_ABOUT_RETURN_TYPE = YES_ERROR;
				GCC_WARN_UNDECLARED_SELECTOR = YES;
				GCC_WARN_UNINITIALIZED_AUTOS = YES_AGGRESSIVE;
				GCC_WARN_UNUSED_FUNCTION = YES;
				GCC_WARN_UNUSED_VARIABLE = YES;
				IPHONEOS_DEPLOYMENT_TARGET = 8.4;
				MTL_ENABLE_DEBUG_INFO = NO;
				SDKROOT = iphoneos;
				VALIDATE_PRODUCT = YES;
			};
			name = Release;
		};
		D0FF63511BA020F600A00BAB /* Debug */ = {
			isa = XCBuildConfiguration;
			baseConfigurationReference = 36D4AFF0CB6692B9B6D3CF26 /* Pods.debug.xcconfig */;
			buildSettings = {
				ASSETCATALOG_COMPILER_APPICON_NAME = AppIcon;
				CLANG_ENABLE_MODULES = YES;
				HEADER_SEARCH_PATHS = (
					"$(inherited)",
					"\"${PODS_ROOT}/Headers/Public\"",
					"\"${PODS_ROOT}/Headers/Public/AFNetworking\"",
					"\"${PODS_ROOT}/Headers/Public/JSONKit\"",
					"\"${PODS_ROOT}/Headers/Public/MJRefresh\"",
					"\"${PODS_ROOT}/Headers/Public/ionicons\"",
					"$(SRCROOT)/NetManager/NetManager",
				);
				INFOPLIST_FILE = TodayHistory/Info.plist;
				IPHONEOS_DEPLOYMENT_TARGET = 8.4;
				LD_RUNPATH_SEARCH_PATHS = "$(inherited) @executable_path/Frameworks";
				LIBRARY_SEARCH_PATHS = "$(inherited)";
				PRODUCT_BUNDLE_IDENTIFIER = "com.yeeuu.$(PRODUCT_NAME:rfc1034identifier)";
				PRODUCT_NAME = "$(TARGET_NAME)";
				SWIFT_OBJC_BRIDGING_HEADER = "TodayHistory/Tool/TodayHistory-Bridging-Header.h";
				SWIFT_OPTIMIZATION_LEVEL = "-Onone";
			};
			name = Debug;
		};
		D0FF63521BA020F600A00BAB /* Release */ = {
			isa = XCBuildConfiguration;
			baseConfigurationReference = DF36065530964A90584C2393 /* Pods.release.xcconfig */;
			buildSettings = {
				ASSETCATALOG_COMPILER_APPICON_NAME = AppIcon;
				CLANG_ENABLE_MODULES = YES;
				HEADER_SEARCH_PATHS = (
					"$(inherited)",
					"\"${PODS_ROOT}/Headers/Public\"",
					"\"${PODS_ROOT}/Headers/Public/AFNetworking\"",
					"\"${PODS_ROOT}/Headers/Public/JSONKit\"",
					"\"${PODS_ROOT}/Headers/Public/MJRefresh\"",
					"\"${PODS_ROOT}/Headers/Public/ionicons\"",
					"$(SRCROOT)/NetManager/NetManager",
				);
				INFOPLIST_FILE = TodayHistory/Info.plist;
				IPHONEOS_DEPLOYMENT_TARGET = 8.4;
				LD_RUNPATH_SEARCH_PATHS = "$(inherited) @executable_path/Frameworks";
				LIBRARY_SEARCH_PATHS = "$(inherited)";
				PRODUCT_BUNDLE_IDENTIFIER = "com.yeeuu.$(PRODUCT_NAME:rfc1034identifier)";
				PRODUCT_NAME = "$(TARGET_NAME)";
				SWIFT_OBJC_BRIDGING_HEADER = "TodayHistory/Tool/TodayHistory-Bridging-Header.h";
			};
			name = Release;
		};
/* End XCBuildConfiguration section */

/* Begin XCConfigurationList section */
		D0FF632C1BA020F600A00BAB /* Build configuration list for PBXProject "TodayHistory" */ = {
			isa = XCConfigurationList;
			buildConfigurations = (
				D0FF634E1BA020F600A00BAB /* Debug */,
				D0FF634F1BA020F600A00BAB /* Release */,
			);
			defaultConfigurationIsVisible = 0;
			defaultConfigurationName = Release;
		};
		D0FF63501BA020F600A00BAB /* Build configuration list for PBXNativeTarget "TodayHistory" */ = {
			isa = XCConfigurationList;
			buildConfigurations = (
				D0FF63511BA020F600A00BAB /* Debug */,
				D0FF63521BA020F600A00BAB /* Release */,
			);
			defaultConfigurationIsVisible = 0;
			defaultConfigurationName = Release;
		};
/* End XCConfigurationList section */
	};
	rootObject = D0FF63291BA020F600A00BAB /* Project object */;
}
